
Microsoft Visual Studio Solution File, Format Version 12.00
# Visual Studio 2013
VisualStudioVersion = 12.0.21005.1
MinimumVisualStudioVersion = 10.0.40219.1
Project("{FAE04EC0-301F-11D3-BF4B-00C04F79EFBC}") = "LojaVirtual.Dominio", "LojaVirtual.Dominio\LojaVirtual.Dominio.csproj", "{F2A247A7-2243-4A33-8EBC-D54FC40AFBCC}"
EndProject
Project("{FAE04EC0-301F-11D3-BF4B-00C04F79EFBC}") = "LojaVirtual.Web", "LojaVirtual.Web\LojaVirtual.Web.csproj", "{DFC45206-BC85-4E1E-94E3-32099B172498}"
EndProject
Project("{FAE04EC0-301F-11D3-BF4B-00C04F79EFBC}") = "LojaVirtual.UnitTest", "LojaVirtual.UnitTest\LojaVirtual.UnitTest.csproj", "{62C92A4B-145E-43CB-AA52-514FE553135E}"
EndProject
Global
	GlobalSection(SolutionConfigurationPlatforms) = preSolution
		Debug|Any CPU = Debug|Any CPU
		Release|Any CPU = Release|Any CPU
	EndGlobalSection
	GlobalSection(ProjectConfigurationPlatforms) = postSolution
		{F2A247A7-2243-4A33-8EBC-D54FC40AFBCC}.Debug|Any CPU.ActiveCfg = Debug|Any CPU
		{F2A247A7-2243-4A33-8EBC-D54FC40AFBCC}.Debug|Any CPU.Build.0 = Debug|Any CPU
		{F2A247A7-2243-4A33-8EBC-D54FC40AFBCC}.Release|Any CPU.ActiveCfg = Release|Any CPU
		{F2A247A7-2243-4A33-8EBC-D54FC40AFBCC}.Release|Any CPU.Build.0 = Release|Any CPU
		{DFC45206-BC85-4E1E-94E3-32099B172498}.Debug|Any CPU.ActiveCfg = Debug|Any CPU
		{DFC45206-BC85-4E1E-94E3-32099B172498}.Debug|Any CPU.Build.0 = Debug|Any CPU
		{DFC45206-BC85-4E1E-94E3-32099B172498}.Release|Any CPU.ActiveCfg = Release|Any CPU
		{DFC45206-BC85-4E1E-94E3-32099B172498}.Release|Any CPU.Build.0 = Release|Any CPU
		{62C92A4B-145E-43CB-AA52-514FE553135E}.Debug|Any CPU.ActiveCfg = Debug|Any CPU
		{62C92A4B-145E-43CB-AA52-514FE553135E}.Debug|Any CPU.Build.0 = Debug|Any CPU
		{62C92A4B-145E-43CB-AA52-514FE553135E}.Release|Any CPU.ActiveCfg = Release|Any CPU
		{62C92A4B-145E-43CB-AA52-514FE553135E}.Release|Any CPU.Build.0 = Release|Any CPU
	EndGlobalSection
	GlobalSection(SolutionProperties) = preSolution
		HideSolutionNode = FALSE
	EndGlobalSection
EndGlobal
